{
  "name": "demo",
  "version": "0.1.0",
  "lockfileVersion": 1,
  "requires": true,
  "dependencies": {
    "vue": {
      "version": "2.6.11",
      "resolved": "https://registry.npmjs.org/vue/-/vue-2.6.11.tgz",
      "integrity": "sha512-VfPwgcGABbGAue9+sfrD4PuwFar7gPb1yl1UK1MwXoQPAw0BKSqWfoYCT/ThFrdEVWoI51dBuyCoiNU9bZDZxQ=="
    },
    "vue-notification-renderless": {
      "version": "0.6.0",
      "resolved": "https://registry.npmjs.org/vue-notification-renderless/-/vue-notification-renderless-0.6.0.tgz",
      "integrity": "sha512-ciXUdQ/dXlq1m+CZsU4jxkUO7aMbH/jsWPCdHzP4uXKVoAmU2fRtieMBGu1JZTC+UpH9u2zE1fRwLP5uI9FJAw==",
      "requires": {
        "vue": "^2.6.10"
      }
    }
  }
}
